// !$*UTF8*$!
{
	archiveVersion = 1;
	classes = {
	};
	objectVersion = 46;
	objects = {

/* Begin PBXBuildFile section */
		5C9AE0C41511FB8F00962495 /* libInterDeviceCom.a in Frameworks */ = {isa = PBXBuildFile; fileRef = 5C75BD431511F6E20049D061 /* libInterDeviceCom.a */; };
		5C9AE0C51511FB8F00962495 /* libMSSCommunicationController.a in Frameworks */ = {isa = PBXBuildFile; fileRef = 8AFE0884150806160020D6B5 /* libMSSCommunicationController.a */; };
		8A19B6BC1431E86200B1210F /* iPadViewController.m in Sources */ = {isa = PBXBuildFile; fileRef = 8A19B6BB1431E86200B1210F /* iPadViewController.m */; };
		8A19B6C31431EAAC00B1210F /* CFNetwork.framework in Frameworks */ = {isa = PBXBuildFile; fileRef = 8A19B6C21431EAAC00B1210F /* CFNetwork.framework */; };
		8A54050F150658EF00C0D32D /* ColorTileView.m in Sources */ = {isa = PBXBuildFile; fileRef = 8A54050E150658EF00C0D32D /* ColorTileView.m */; };
		8A8D5B2F150503550073D864 /* ColorMixerViewController.m in Sources */ = {isa = PBXBuildFile; fileRef = 8A8D5B2D150503550073D864 /* ColorMixerViewController.m */; };
		8A8D5B30150503550073D864 /* ColorMixerViewController.xib in Resources */ = {isa = PBXBuildFile; fileRef = 8A8D5B2E150503550073D864 /* ColorMixerViewController.xib */; };
		8ACBF29C1430987200CE7900 /* UIKit.framework in Frameworks */ = {isa = PBXBuildFile; fileRef = 8ACBF29B1430987200CE7900 /* UIKit.framework */; };
		8ACBF29E1430987200CE7900 /* Foundation.framework in Frameworks */ = {isa = PBXBuildFile; fileRef = 8ACBF29D1430987200CE7900 /* Foundation.framework */; };
		8ACBF2A01430987200CE7900 /* CoreGraphics.framework in Frameworks */ = {isa = PBXBuildFile; fileRef = 8ACBF29F1430987200CE7900 /* CoreGraphics.framework */; };
		8ACBF2A61430987200CE7900 /* InfoPlist.strings in Resources */ = {isa = PBXBuildFile; fileRef = 8ACBF2A41430987200CE7900 /* InfoPlist.strings */; };
		8ACBF2A81430987200CE7900 /* main.m in Sources */ = {isa = PBXBuildFile; fileRef = 8ACBF2A71430987200CE7900 /* main.m */; };
		8ACBF2AC1430987200CE7900 /* AppDelegate.m in Sources */ = {isa = PBXBuildFile; fileRef = 8ACBF2AB1430987200CE7900 /* AppDelegate.m */; };
		8ACBF2AF1430987200CE7900 /* iPhoneViewController.m in Sources */ = {isa = PBXBuildFile; fileRef = 8ACBF2AE1430987200CE7900 /* iPhoneViewController.m */; };
		8ACBF2B21430987200CE7900 /* ViewController_iPhone.xib in Resources */ = {isa = PBXBuildFile; fileRef = 8ACBF2B01430987200CE7900 /* ViewController_iPhone.xib */; };
		8ACBF2B51430987200CE7900 /* ViewController_iPad.xib in Resources */ = {isa = PBXBuildFile; fileRef = 8ACBF2B31430987200CE7900 /* ViewController_iPad.xib */; };
		8ACBF2C214309ED200CE7900 /* Smiley1001.png in Resources */ = {isa = PBXBuildFile; fileRef = 8ACBF2C114309ED200CE7900 /* Smiley1001.png */; };
		8AF9D70F1507A7D9006D0ECA /* SpinchDevice.m in Sources */ = {isa = PBXBuildFile; fileRef = 8AF9D70E1507A7D9006D0ECA /* SpinchDevice.m */; };
		8AF9D7121507BCE4006D0ECA /* SpinchModel.m in Sources */ = {isa = PBXBuildFile; fileRef = 8AF9D7111507BCE4006D0ECA /* SpinchModel.m */; };
/* End PBXBuildFile section */

/* Begin PBXContainerItemProxy section */
		5C75BD421511F6E20049D061 /* PBXContainerItemProxy */ = {
			isa = PBXContainerItemProxy;
			containerPortal = 5C75BD311511F6D20049D061 /* InterDeviceCom.xcodeproj */;
			proxyType = 2;
			remoteGlobalIDString = 8AB2DDA9150E5D75007129DC;
			remoteInfo = InterDeviceCom;
		};
		5C9AE0C21511FAC600962495 /* PBXContainerItemProxy */ = {
			isa = PBXContainerItemProxy;
			containerPortal = 5C75BD311511F6D20049D061 /* InterDeviceCom.xcodeproj */;
			proxyType = 1;
			remoteGlobalIDString = 8AB2DDA8150E5D75007129DC;
			remoteInfo = InterDeviceCom;
		};
		8A920708150F975B00325798 /* PBXContainerItemProxy */ = {
			isa = PBXContainerItemProxy;
			containerPortal = 8A8D5B6115050D420073D864 /* pieMenu.xcodeproj */;
			proxyType = 1;
			remoteGlobalIDString = 8A2593E914F6811800A3D43A;
			remoteInfo = MSSCommunicationController;
		};
		8AFE0881150806160020D6B5 /* PBXContainerItemProxy */ = {
			isa = PBXContainerItemProxy;
			containerPortal = 8A8D5B6115050D420073D864 /* pieMenu.xcodeproj */;
			proxyType = 2;
			remoteGlobalIDString = 8AA24C9514ED072700D7725C;
			remoteInfo = pieMenu;
		};
		8AFE0883150806160020D6B5 /* PBXContainerItemProxy */ = {
			isa = PBXContainerItemProxy;
			containerPortal = 8A8D5B6115050D420073D864 /* pieMenu.xcodeproj */;
			proxyType = 2;
			remoteGlobalIDString = 8A2593EA14F6811800A3D43A;
			remoteInfo = MSSCommunicationController;
		};
/* End PBXContainerItemProxy section */

/* Begin PBXFileReference section */
		5C75BD311511F6D20049D061 /* InterDeviceCom.xcodeproj */ = {isa = PBXFileReference; lastKnownFileType = "wrapper.pb-project"; name = InterDeviceCom.xcodeproj; path = ../../libInterDeviceCom/InterDeviceCom.xcodeproj; sourceTree = "<group>"; };
		8A19B6BA1431E86200B1210F /* iPadViewController.h */ = {isa = PBXFileReference; fileEncoding = 4; lastKnownFileType = sourcecode.c.h; path = iPadViewController.h; sourceTree = "<group>"; };
		8A19B6BB1431E86200B1210F /* iPadViewController.m */ = {isa = PBXFileReference; fileEncoding = 4; lastKnownFileType = sourcecode.c.objc; path = iPadViewController.m; sourceTree = "<group>"; };
		8A19B6C21431EAAC00B1210F /* CFNetwork.framework */ = {isa = PBXFileReference; lastKnownFileType = wrapper.framework; name = CFNetwork.framework; path = System/Library/Frameworks/CFNetwork.framework; sourceTree = SDKROOT; };
		8A19B6C8143201B200B1210F /* SpinchConfig.h */ = {isa = PBXFileReference; fileEncoding = 4; lastKnownFileType = sourcecode.c.h; path = SpinchConfig.h; sourceTree = "<group>"; };
		8A54050D150658EF00C0D32D /* ColorTileView.h */ = {isa = PBXFileReference; fileEncoding = 4; lastKnownFileType = sourcecode.c.h; path = ColorTileView.h; sourceTree = "<group>"; };
		8A54050E150658EF00C0D32D /* ColorTileView.m */ = {isa = PBXFileReference; fileEncoding = 4; lastKnownFileType = sourcecode.c.objc; path = ColorTileView.m; sourceTree = "<group>"; };
		8A8D5B2C150503550073D864 /* ColorMixerViewController.h */ = {isa = PBXFileReference; fileEncoding = 4; lastKnownFileType = sourcecode.c.h; path = ColorMixerViewController.h; sourceTree = "<group>"; };
		8A8D5B2D150503550073D864 /* ColorMixerViewController.m */ = {isa = PBXFileReference; fileEncoding = 4; lastKnownFileType = sourcecode.c.objc; path = ColorMixerViewController.m; sourceTree = "<group>"; };
		8A8D5B2E150503550073D864 /* ColorMixerViewController.xib */ = {isa = PBXFileReference; fileEncoding = 4; lastKnownFileType = file.xib; path = ColorMixerViewController.xib; sourceTree = "<group>"; };
		8A8D5B6115050D420073D864 /* pieMenu.xcodeproj */ = {isa = PBXFileReference; lastKnownFileType = "wrapper.pb-project"; name = pieMenu.xcodeproj; path = ../../pieMenu/pieMenu.xcodeproj; sourceTree = "<group>"; };
		8ACBF2971430987200CE7900 /* Spinch.app */ = {isa = PBXFileReference; explicitFileType = wrapper.application; includeInIndex = 0; path = Spinch.app; sourceTree = BUILT_PRODUCTS_DIR; };
		8ACBF29B1430987200CE7900 /* UIKit.framework */ = {isa = PBXFileReference; lastKnownFileType = wrapper.framework; name = UIKit.framework; path = System/Library/Frameworks/UIKit.framework; sourceTree = SDKROOT; };
		8ACBF29D1430987200CE7900 /* Foundation.framework */ = {isa = PBXFileReference; lastKnownFileType = wrapper.framework; name = Foundation.framework; path = System/Library/Frameworks/Foundation.framework; sourceTree = SDKROOT; };
		8ACBF29F1430987200CE7900 /* CoreGraphics.framework */ = {isa = PBXFileReference; lastKnownFileType = wrapper.framework; name = CoreGraphics.framework; path = System/Library/Frameworks/CoreGraphics.framework; sourceTree = SDKROOT; };
		8ACBF2A31430987200CE7900 /* Spinch-Info.plist */ = {isa = PBXFileReference; lastKnownFileType = text.plist.xml; path = "Spinch-Info.plist"; sourceTree = "<group>"; };
		8ACBF2A51430987200CE7900 /* en */ = {isa = PBXFileReference; lastKnownFileType = text.plist.strings; name = en; path = en.lproj/InfoPlist.strings; sourceTree = "<group>"; };
		8ACBF2A71430987200CE7900 /* main.m */ = {isa = PBXFileReference; lastKnownFileType = sourcecode.c.objc; path = main.m; sourceTree = "<group>"; };
		8ACBF2A91430987200CE7900 /* Spinch-Prefix.pch */ = {isa = PBXFileReference; lastKnownFileType = sourcecode.c.h; path = "Spinch-Prefix.pch"; sourceTree = "<group>"; };
		8ACBF2AA1430987200CE7900 /* AppDelegate.h */ = {isa = PBXFileReference; lastKnownFileType = sourcecode.c.h; path = AppDelegate.h; sourceTree = "<group>"; };
		8ACBF2AB1430987200CE7900 /* AppDelegate.m */ = {isa = PBXFileReference; lastKnownFileType = sourcecode.c.objc; path = AppDelegate.m; sourceTree = "<group>"; };
		8ACBF2AD1430987200CE7900 /* iPhoneViewController.h */ = {isa = PBXFileReference; lastKnownFileType = sourcecode.c.h; path = iPhoneViewController.h; sourceTree = "<group>"; };
		8ACBF2AE1430987200CE7900 /* iPhoneViewController.m */ = {isa = PBXFileReference; lastKnownFileType = sourcecode.c.objc; path = iPhoneViewController.m; sourceTree = "<group>"; };
		8ACBF2B11430987200CE7900 /* en */ = {isa = PBXFileReference; lastKnownFileType = file.xib; name = en; path = en.lproj/ViewController_iPhone.xib; sourceTree = "<group>"; };
		8ACBF2B41430987200CE7900 /* en */ = {isa = PBXFileReference; lastKnownFileType = file.xib; name = en; path = en.lproj/ViewController_iPad.xib; sourceTree = "<group>"; };
		8ACBF2C114309ED200CE7900 /* Smiley1001.png */ = {isa = PBXFileReference; lastKnownFileType = image.png; path = Smiley1001.png; sourceTree = "<group>"; };
		8AF9D70D1507A7D9006D0ECA /* SpinchDevice.h */ = {isa = PBXFileReference; fileEncoding = 4; lastKnownFileType = sourcecode.c.h; path = SpinchDevice.h; sourceTree = "<group>"; };
		8AF9D70E1507A7D9006D0ECA /* SpinchDevice.m */ = {isa = PBXFileReference; fileEncoding = 4; lastKnownFileType = sourcecode.c.objc; path = SpinchDevice.m; sourceTree = "<group>"; };
		8AF9D7101507BCE4006D0ECA /* SpinchModel.h */ = {isa = PBXFileReference; fileEncoding = 4; lastKnownFileType = sourcecode.c.h; path = SpinchModel.h; sourceTree = "<group>"; };
		8AF9D7111507BCE4006D0ECA /* SpinchModel.m */ = {isa = PBXFileReference; fileEncoding = 4; lastKnownFileType = sourcecode.c.objc; path = SpinchModel.m; sourceTree = "<group>"; };
/* End PBXFileReference section */

/* Begin PBXFrameworksBuildPhase section */
		8ACBF2941430987200CE7900 /* Frameworks */ = {
			isa = PBXFrameworksBuildPhase;
			buildActionMask = 2147483647;
			files = (
				5C9AE0C41511FB8F00962495 /* libInterDeviceCom.a in Frameworks */,
				5C9AE0C51511FB8F00962495 /* libMSSCommunicationController.a in Frameworks */,
				8A19B6C31431EAAC00B1210F /* CFNetwork.framework in Frameworks */,
				8ACBF29C1430987200CE7900 /* UIKit.framework in Frameworks */,
				8ACBF29E1430987200CE7900 /* Foundation.framework in Frameworks */,
				8ACBF2A01430987200CE7900 /* CoreGraphics.framework in Frameworks */,
			);
			runOnlyForDeploymentPostprocessing = 0;
		};
/* End PBXFrameworksBuildPhase section */

/* Begin PBXGroup section */
		5C75BD3F1511F6E20049D061 /* Products */ = {
			isa = PBXGroup;
			children = (
				5C75BD431511F6E20049D061 /* libInterDeviceCom.a */,
			);
			name = Products;
			sourceTree = "<group>";
		};
		8ACBF28C1430987200CE7900 = {
			isa = PBXGroup;
			children = (
				8ACBF2A11430987200CE7900 /* Spinch */,
				8ACBF29A1430987200CE7900 /* Frameworks */,
				8ACBF2981430987200CE7900 /* Products */,
			);
			sourceTree = "<group>";
		};
		8ACBF2981430987200CE7900 /* Products */ = {
			isa = PBXGroup;
			children = (
				8ACBF2971430987200CE7900 /* Spinch.app */,
			);
			name = Products;
			sourceTree = "<group>";
		};
		8ACBF29A1430987200CE7900 /* Frameworks */ = {
			isa = PBXGroup;
			children = (
				8A19B6C21431EAAC00B1210F /* CFNetwork.framework */,
				8ACBF29B1430987200CE7900 /* UIKit.framework */,
				8ACBF29D1430987200CE7900 /* Foundation.framework */,
				8ACBF29F1430987200CE7900 /* CoreGraphics.framework */,
			);
			name = Frameworks;
			sourceTree = "<group>";
		};
		8ACBF2A11430987200CE7900 /* Spinch */ = {
			isa = PBXGroup;
			children = (
				5C75BD311511F6D20049D061 /* InterDeviceCom.xcodeproj */,
				8A8D5B6115050D420073D864 /* pieMenu.xcodeproj */,
				8ACBF2BF14309EB200CE7900 /* Assets */,
				8A19B6C8143201B200B1210F /* SpinchConfig.h */,
				8ACBF2AA1430987200CE7900 /* AppDelegate.h */,
				8ACBF2AB1430987200CE7900 /* AppDelegate.m */,
				8A19B6BA1431E86200B1210F /* iPadViewController.h */,
				8A19B6BB1431E86200B1210F /* iPadViewController.m */,
				8ACBF2AD1430987200CE7900 /* iPhoneViewController.h */,
				8ACBF2AE1430987200CE7900 /* iPhoneViewController.m */,
				8A8D5B2C150503550073D864 /* ColorMixerViewController.h */,
				8A8D5B2D150503550073D864 /* ColorMixerViewController.m */,
				8A54050D150658EF00C0D32D /* ColorTileView.h */,
				8A54050E150658EF00C0D32D /* ColorTileView.m */,
				8AF9D70D1507A7D9006D0ECA /* SpinchDevice.h */,
				8AF9D70E1507A7D9006D0ECA /* SpinchDevice.m */,
				8AF9D7101507BCE4006D0ECA /* SpinchModel.h */,
				8AF9D7111507BCE4006D0ECA /* SpinchModel.m */,
				8A8D5B2E150503550073D864 /* ColorMixerViewController.xib */,
				8ACBF2B01430987200CE7900 /* ViewController_iPhone.xib */,
				8ACBF2B31430987200CE7900 /* ViewController_iPad.xib */,
				8ACBF2A21430987200CE7900 /* Supporting Files */,
			);
			path = Spinch;
			sourceTree = "<group>";
		};
		8ACBF2A21430987200CE7900 /* Supporting Files */ = {
			isa = PBXGroup;
			children = (
				8ACBF2A31430987200CE7900 /* Spinch-Info.plist */,
				8ACBF2A41430987200CE7900 /* InfoPlist.strings */,
				8ACBF2A71430987200CE7900 /* main.m */,
				8ACBF2A91430987200CE7900 /* Spinch-Prefix.pch */,
			);
			name = "Supporting Files";
			sourceTree = "<group>";
		};
		8ACBF2BF14309EB200CE7900 /* Assets */ = {
			isa = PBXGroup;
			children = (
				8ACBF2C114309ED200CE7900 /* Smiley1001.png */,
			);
			name = Assets;
			sourceTree = "<group>";
		};
		8AFE087D150806160020D6B5 /* Products */ = {
			isa = PBXGroup;
			children = (
				8AFE0882150806160020D6B5 /* pieMenu.app */,
				8AFE0884150806160020D6B5 /* libMSSCommunicationController.a */,
			);
			name = Products;
			sourceTree = "<group>";
		};
/* End PBXGroup section */

/* Begin PBXNativeTarget section */
		8ACBF2961430987200CE7900 /* Spinch */ = {
			isa = PBXNativeTarget;
			buildConfigurationList = 8ACBF2B81430987200CE7900 /* Build configuration list for PBXNativeTarget "Spinch" */;
			buildPhases = (
				8ACBF2931430987200CE7900 /* Sources */,
				8ACBF2941430987200CE7900 /* Frameworks */,
				8ACBF2951430987200CE7900 /* Resources */,
			);
			buildRules = (
			);
			dependencies = (
				5C9AE0C31511FAC600962495 /* PBXTargetDependency */,
				8A920709150F975B00325798 /* PBXTargetDependency */,
			);
			name = Spinch;
			productName = Spinch;
			productReference = 8ACBF2971430987200CE7900 /* Spinch.app */;
			productType = "com.apple.product-type.application";
		};
/* End PBXNativeTarget section */

/* Begin PBXProject section */
		8ACBF28E1430987200CE7900 /* Project object */ = {
			isa = PBXProject;
			attributes = {
				LastUpgradeCheck = 0420;
				ORGANIZATIONNAME = ChalmersTH;
			};
			buildConfigurationList = 8ACBF2911430987200CE7900 /* Build configuration list for PBXProject "Spinch" */;
			compatibilityVersion = "Xcode 3.2";
			developmentRegion = English;
			hasScannedForEncodings = 0;
			knownRegions = (
				en,
			);
			mainGroup = 8ACBF28C1430987200CE7900;
			productRefGroup = 8ACBF2981430987200CE7900 /* Products */;
			projectDirPath = "";
			projectReferences = (
				{
					ProductGroup = 5C75BD3F1511F6E20049D061 /* Products */;
					ProjectRef = 5C75BD311511F6D20049D061 /* InterDeviceCom.xcodeproj */;
				},
				{
					ProductGroup = 8AFE087D150806160020D6B5 /* Products */;
					ProjectRef = 8A8D5B6115050D420073D864 /* pieMenu.xcodeproj */;
				},
			);
			projectRoot = "";
			targets = (
				8ACBF2961430987200CE7900 /* Spinch */,
			);
		};
/* End PBXProject section */

/* Begin PBXReferenceProxy section */
		5C75BD431511F6E20049D061 /* libInterDeviceCom.a */ = {
			isa = PBXReferenceProxy;
			fileType = archive.ar;
			path = libInterDeviceCom.a;
			remoteRef = 5C75BD421511F6E20049D061 /* PBXContainerItemProxy */;
			sourceTree = BUILT_PRODUCTS_DIR;
		};
		8AFE0882150806160020D6B5 /* pieMenu.app */ = {
			isa = PBXReferenceProxy;
			fileType = wrapper.application;
			path = pieMenu.app;
			remoteRef = 8AFE0881150806160020D6B5 /* PBXContainerItemProxy */;
			sourceTree = BUILT_PRODUCTS_DIR;
		};
		8AFE0884150806160020D6B5 /* libMSSCommunicationController.a */ = {
			isa = PBXReferenceProxy;
			fileType = archive.ar;
			path = libMSSCommunicationController.a;
			remoteRef = 8AFE0883150806160020D6B5 /* PBXContainerItemProxy */;
			sourceTree = BUILT_PRODUCTS_DIR;
		};
/* End PBXReferenceProxy section */

/* Begin PBXResourcesBuildPhase section */
		8ACBF2951430987200CE7900 /* Resources */ = {
			isa = PBXResourcesBuildPhase;
			buildActionMask = 2147483647;
			files = (
				8ACBF2A61430987200CE7900 /* InfoPlist.strings in Resources */,
				8ACBF2B21430987200CE7900 /* ViewController_iPhone.xib in Resources */,
				8ACBF2B51430987200CE7900 /* ViewController_iPad.xib in Resources */,
				8ACBF2C214309ED200CE7900 /* Smiley1001.png in Resources */,
				8A8D5B30150503550073D864 /* ColorMixerViewController.xib in Resources */,
			);
			runOnlyForDeploymentPostprocessing = 0;
		};
/* End PBXResourcesBuildPhase section */

/* Begin PBXSourcesBuildPhase section */
		8ACBF2931430987200CE7900 /* Sources */ = {
			isa = PBXSourcesBuildPhase;
			buildActionMask = 2147483647;
			files = (
				8ACBF2A81430987200CE7900 /* main.m in Sources */,
				8ACBF2AC1430987200CE7900 /* AppDelegate.m in Sources */,
				8ACBF2AF1430987200CE7900 /* iPhoneViewController.m in Sources */,
				8A19B6BC1431E86200B1210F /* iPadViewController.m in Sources */,
				8A8D5B2F150503550073D864 /* ColorMixerViewController.m in Sources */,
				8A54050F150658EF00C0D32D /* ColorTileView.m in Sources */,
				8AF9D70F1507A7D9006D0ECA /* SpinchDevice.m in Sources */,
				8AF9D7121507BCE4006D0ECA /* SpinchModel.m in Sources */,
			);
			runOnlyForDeploymentPostprocessing = 0;
		};
/* End PBXSourcesBuildPhase section */

/* Begin PBXTargetDependency section */
		5C9AE0C31511FAC600962495 /* PBXTargetDependency */ = {
			isa = PBXTargetDependency;
			name = InterDeviceCom;
			targetProxy = 5C9AE0C21511FAC600962495 /* PBXContainerItemProxy */;
		};
		8A920709150F975B00325798 /* PBXTargetDependency */ = {
			isa = PBXTargetDependency;
			name = MSSCommunicationController;
			targetProxy = 8A920708150F975B00325798 /* PBXContainerItemProxy */;
		};
/* End PBXTargetDependency section */

/* Begin PBXVariantGroup section */
		8ACBF2A41430987200CE7900 /* InfoPlist.strings */ = {
			isa = PBXVariantGroup;
			children = (
				8ACBF2A51430987200CE7900 /* en */,
			);
			name = InfoPlist.strings;
			sourceTree = "<group>";
		};
		8ACBF2B01430987200CE7900 /* ViewController_iPhone.xib */ = {
			isa = PBXVariantGroup;
			children = (
				8ACBF2B11430987200CE7900 /* en */,
			);
			name = ViewController_iPhone.xib;
			sourceTree = "<group>";
		};
		8ACBF2B31430987200CE7900 /* ViewController_iPad.xib */ = {
			isa = PBXVariantGroup;
			children = (
				8ACBF2B41430987200CE7900 /* en */,
			);
			name = ViewController_iPad.xib;
			sourceTree = "<group>";
		};
/* End PBXVariantGroup section */

/* Begin XCBuildConfiguration section */
		8ACBF2B61430987200CE7900 /* Debug */ = {
			isa = XCBuildConfiguration;
			buildSettings = {
				ALWAYS_SEARCH_USER_PATHS = NO;
				ARCHS = "$(ARCHS_STANDARD_32_BIT)";
				"CODE_SIGN_IDENTITY[sdk=iphoneos*]" = "iPhone Developer";
				COPY_PHASE_STRIP = NO;
				GCC_C_LANGUAGE_STANDARD = gnu99;
				GCC_DYNAMIC_NO_PIC = NO;
				GCC_OPTIMIZATION_LEVEL = 0;
				GCC_PREPROCESSOR_DEFINITIONS = (
					"DEBUG=1",
					"$(inherited)",
				);
				GCC_SYMBOLS_PRIVATE_EXTERN = NO;
				GCC_VERSION = com.apple.compilers.llvm.clang.1_0;
				GCC_WARN_ABOUT_MISSING_PROTOTYPES = YES;
				GCC_WARN_ABOUT_RETURN_TYPE = YES;
				GCC_WARN_UNUSED_VARIABLE = YES;
				IPHONEOS_DEPLOYMENT_TARGET = 5.0;
				SDKROOT = iphoneos;
				TARGETED_DEVICE_FAMILY = "1,2";
			};
			name = Debug;
		};
		8ACBF2B71430987200CE7900 /* Release */ = {
			isa = XCBuildConfiguration;
			buildSettings = {
				ALWAYS_SEARCH_USER_PATHS = NO;
				ARCHS = "$(ARCHS_STANDARD_32_BIT)";
				"CODE_SIGN_IDENTITY[sdk=iphoneos*]" = "iPhone Developer";
				COPY_PHASE_STRIP = YES;
				GCC_C_LANGUAGE_STANDARD = gnu99;
				GCC_VERSION = com.apple.compilers.llvm.clang.1_0;
				GCC_WARN_ABOUT_MISSING_PROTOTYPES = YES;
				GCC_WARN_ABOUT_RETURN_TYPE = YES;
				GCC_WARN_UNUSED_VARIABLE = YES;
				IPHONEOS_DEPLOYMENT_TARGET = 5.0;
				OTHER_CFLAGS = "-DNS_BLOCK_ASSERTIONS=1";
				SDKROOT = iphoneos;
				TARGETED_DEVICE_FAMILY = "1,2";
				VALIDATE_PRODUCT = YES;
			};
			name = Release;
		};
		8ACBF2B91430987200CE7900 /* Debug */ = {
			isa = XCBuildConfiguration;
			buildSettings = {
				ALWAYS_SEARCH_USER_PATHS = YES;
				GCC_PRECOMPILE_PREFIX_HEADER = YES;
				GCC_PREFIX_HEADER = "Spinch/Spinch-Prefix.pch";
				HEADER_SEARCH_PATHS = (
					/Users/maryam/documents/libInterDeviceCom/InterDeviceCom,
					/Users/maryam/Documents/pieMenu/MSSCommunicationController,
				);
				INFOPLIST_FILE = "Spinch/Spinch-Info.plist";
				LIBRARY_SEARCH_PATHS = (
					"$(inherited)",
					"\"$(SRCROOT)/../../../Library/Developer/Xcode/DerivedData/Spinch-aenuylwhzuozoicdaumsfplsrxlm/Build/Products/Debug-iphoneos\"",
				);
				OTHER_LDFLAGS = "";
				PRODUCT_NAME = "$(TARGET_NAME)";
				WRAPPER_EXTENSION = app;
			};
			name = Debug;
		};
		8ACBF2BA1430987200CE7900 /* Release */ = {
			isa = XCBuildConfiguration;
			buildSettings = {
				ALWAYS_SEARCH_USER_PATHS = YES;
				GCC_PRECOMPILE_PREFIX_HEADER = YES;
				GCC_PREFIX_HEADER = "Spinch/Spinch-Prefix.pch";
				HEADER_SEARCH_PATHS = (
					/Users/maryam/documents/libInterDeviceCom/InterDeviceCom,
					/Users/maryam/Documents/pieMenu/MSSCommunicationController,
				);
				INFOPLIST_FILE = "Spinch/Spinch-Info.plist";
				LIBRARY_SEARCH_PATHS = (
					"$(inherited)",
					"\"$(SRCROOT)/../../../Library/Developer/Xcode/DerivedData/Spinch-aenuylwhzuozoicdaumsfplsrxlm/Build/Products/Debug-iphoneos\"",
				);
				OTHER_LDFLAGS = "";
				PRODUCT_NAME = "$(TARGET_NAME)";
				WRAPPER_EXTENSION = app;
			};
			name = Release;
		};
/* End XCBuildConfiguration section */

/* Begin XCConfigurationList section */
		8ACBF2911430987200CE7900 /* Build configuration list for PBXProject "Spinch" */ = {
			isa = XCConfigurationList;
			buildConfigurations = (
				8ACBF2B61430987200CE7900 /* Debug */,
				8ACBF2B71430987200CE7900 /* Release */,
			);
			defaultConfigurationIsVisible = 0;
			defaultConfigurationName = Release;
		};
		8ACBF2B81430987200CE7900 /* Build configuration list for PBXNativeTarget "Spinch" */ = {
			isa = XCConfigurationList;
			buildConfigurations = (
				8ACBF2B91430987200CE7900 /* Debug */,
				8ACBF2BA1430987200CE7900 /* Release */,
			);
			defaultConfigurationIsVisible = 0;
			defaultConfigurationName = Release;
		};
/* End XCConfigurationList section */
	};
	rootObject = 8ACBF28E1430987200CE7900 /* Project object */;
}
